
Microsoft Visual Studio Solution File, Format Version 12.00
# Visual Studio Version 16
VisualStudioVersion = 16.0.33027.164
MinimumVisualStudioVersion = 10.0.40219.1
Project("{FAE04EC0-301F-11D3-BF4B-00C04F79EFBC}") = "ModuloGit", "ModuloGit.csproj", "{FF777371-34A5-4CEA-BD9D-C5D1A3A1203F}"
EndProject
Global
	GlobalSection(SolutionConfigurationPlatforms) = preSolution
		Debug|Any CPU = Debug|Any CPU
		Release|Any CPU = Release|Any CPU
	EndGlobalSection
	GlobalSection(ProjectConfigurationPlatforms) = postSolution
		{FF777371-34A5-4CEA-BD9D-C5D1A3A1203F}.Debug|Any CPU.ActiveCfg = Debug|Any CPU
		{FF777371-34A5-4CEA-BD9D-C5D1A3A1203F}.Debug|Any CPU.Build.0 = Debug|Any CPU
		{FF777371-34A5-4CEA-BD9D-C5D1A3A1203F}.Release|Any CPU.ActiveCfg = Release|Any CPU
		{FF777371-34A5-4CEA-BD9D-C5D1A3A1203F}.Release|Any CPU.Build.0 = Release|Any CPU
	EndGlobalSection
	GlobalSection(SolutionProperties) = preSolution
		HideSolutionNode = FALSE
	EndGlobalSection
	GlobalSection(ExtensibilityGlobals) = postSolution
		SolutionGuid = {2C28FD77-29C3-41A4-B5FD-A8350C6BDC25}
	EndGlobalSection
EndGlobal
